
Microsoft Visual Studio Solution File, Format Version 12.00
# Visual Studio Version 17
VisualStudioVersion = 17.11.35303.130
MinimumVisualStudioVersion = 10.0.40219.1
Project("{FAE04EC0-301F-11D3-BF4B-00C04F79EFBC}") = "WebAPI", "WebAPI\WebAPI.csproj", "{9FFFF242-98F8-4526-A807-1E43CED68BDB}"
EndProject
Project("{FAE04EC0-301F-11D3-BF4B-00C04F79EFBC}") = "Core", "Core\Core.csproj", "{FCE2EDC4-EE82-453C-9D3E-7C7C8CD5A5D9}"
EndProject
Project("{FAE04EC0-301F-11D3-BF4B-00C04F79EFBC}") = "Entities", "Entity\Entities.csproj", "{DA0817BB-B760-41F8-AC77-BA57969EFABF}"
EndProject
Project("{FAE04EC0-301F-11D3-BF4B-00C04F79EFBC}") = "Infrastructure", "Infrastructure\Infrastructure.csproj", "{9C88A7ED-776F-45A3-9787-8DA23FFE6419}"
EndProject
Project("{FAE04EC0-301F-11D3-BF4B-00C04F79EFBC}") = "Application", "Application\Application.csproj", "{652E0140-A6DC-4E18-9F2C-8B238FEED49B}"
EndProject
Global
	GlobalSection(SolutionConfigurationPlatforms) = preSolution
		Debug|Any CPU = Debug|Any CPU
		Release|Any CPU = Release|Any CPU
	EndGlobalSection
	GlobalSection(ProjectConfigurationPlatforms) = postSolution
		{9FFFF242-98F8-4526-A807-1E43CED68BDB}.Debug|Any CPU.ActiveCfg = Debug|Any CPU
		{9FFFF242-98F8-4526-A807-1E43CED68BDB}.Debug|Any CPU.Build.0 = Debug|Any CPU
		{9FFFF242-98F8-4526-A807-1E43CED68BDB}.Release|Any CPU.ActiveCfg = Release|Any CPU
		{9FFFF242-98F8-4526-A807-1E43CED68BDB}.Release|Any CPU.Build.0 = Release|Any CPU
		{FCE2EDC4-EE82-453C-9D3E-7C7C8CD5A5D9}.Debug|Any CPU.ActiveCfg = Debug|Any CPU
		{FCE2EDC4-EE82-453C-9D3E-7C7C8CD5A5D9}.Debug|Any CPU.Build.0 = Debug|Any CPU
		{FCE2EDC4-EE82-453C-9D3E-7C7C8CD5A5D9}.Release|Any CPU.ActiveCfg = Release|Any CPU
		{FCE2EDC4-EE82-453C-9D3E-7C7C8CD5A5D9}.Release|Any CPU.Build.0 = Release|Any CPU
		{DA0817BB-B760-41F8-AC77-BA57969EFABF}.Debug|Any CPU.ActiveCfg = Debug|Any CPU
		{DA0817BB-B760-41F8-AC77-BA57969EFABF}.Debug|Any CPU.Build.0 = Debug|Any CPU
		{DA0817BB-B760-41F8-AC77-BA57969EFABF}.Release|Any CPU.ActiveCfg = Release|Any CPU
		{DA0817BB-B760-41F8-AC77-BA57969EFABF}.Release|Any CPU.Build.0 = Release|Any CPU
		{9C88A7ED-776F-45A3-9787-8DA23FFE6419}.Debug|Any CPU.ActiveCfg = Debug|Any CPU
		{9C88A7ED-776F-45A3-9787-8DA23FFE6419}.Debug|Any CPU.Build.0 = Debug|Any CPU
		{9C88A7ED-776F-45A3-9787-8DA23FFE6419}.Release|Any CPU.ActiveCfg = Release|Any CPU
		{9C88A7ED-776F-45A3-9787-8DA23FFE6419}.Release|Any CPU.Build.0 = Release|Any CPU
		{652E0140-A6DC-4E18-9F2C-8B238FEED49B}.Debug|Any CPU.ActiveCfg = Debug|Any CPU
		{652E0140-A6DC-4E18-9F2C-8B238FEED49B}.Debug|Any CPU.Build.0 = Debug|Any CPU
		{652E0140-A6DC-4E18-9F2C-8B238FEED49B}.Release|Any CPU.ActiveCfg = Release|Any CPU
		{652E0140-A6DC-4E18-9F2C-8B238FEED49B}.Release|Any CPU.Build.0 = Release|Any CPU
	EndGlobalSection
	GlobalSection(SolutionProperties) = preSolution
		HideSolutionNode = FALSE
	EndGlobalSection
	GlobalSection(ExtensibilityGlobals) = postSolution
		SolutionGuid = {5238DBC7-C841-4CFA-90A2-87468AF88FAD}
	EndGlobalSection
EndGlobal
